
Microsoft Visual Studio Solution File, Format Version 12.00
# Visual Studio Version 17
VisualStudioVersion = 17.6.33829.357
MinimumVisualStudioVersion = 10.0.40219.1
Project("{FAE04EC0-301F-11D3-BF4B-00C04F79EFBC}") = "Middleware_Assignment", "Middleware_Assignment.csproj", "{C1320141-313D-4CE6-9112-A6D7A66A3E44}"
EndProject
Global
	GlobalSection(SolutionConfigurationPlatforms) = preSolution
		Debug|Any CPU = Debug|Any CPU
		Release|Any CPU = Release|Any CPU
	EndGlobalSection
	GlobalSection(ProjectConfigurationPlatforms) = postSolution
		{C1320141-313D-4CE6-9112-A6D7A66A3E44}.Debug|Any CPU.ActiveCfg = Debug|Any CPU
		{C1320141-313D-4CE6-9112-A6D7A66A3E44}.Debug|Any CPU.Build.0 = Debug|Any CPU
		{C1320141-313D-4CE6-9112-A6D7A66A3E44}.Release|Any CPU.ActiveCfg = Release|Any CPU
		{C1320141-313D-4CE6-9112-A6D7A66A3E44}.Release|Any CPU.Build.0 = Release|Any CPU
	EndGlobalSection
	GlobalSection(SolutionProperties) = preSolution
		HideSolutionNode = FALSE
	EndGlobalSection
	GlobalSection(ExtensibilityGlobals) = postSolution
		SolutionGuid = {9D483525-32EB-4825-9A13-5C4D6721F16E}
	EndGlobalSection
EndGlobal
